
Microsoft Visual Studio Solution File, Format Version 12.00
# Visual Studio Version 16
VisualStudioVersion = 16.0.29728.190
MinimumVisualStudioVersion = 10.0.40219.1
Project("{8BC9CEB8-8B4A-11D0-8D11-00A0C91BC942}") = "AIE_01_Templates", "Exercises\AIE_01_Templates\AIE_01_Templates.vcxproj", "{D9AE9EB6-4502-49A8-8AC4-40B5D1DE59A7}"
EndProject
Project("{2150E333-8FDC-42A3-9474-1A3956D46DE8}") = "Excercises", "Excercises", "{F9C8AD75-5F3D-4BB8-AB10-C6CC265EFA0E}"
EndProject
Project("{2150E333-8FDC-42A3-9474-1A3956D46DE8}") = "WarmUps", "WarmUps", "{071E3E82-1ABD-4BE5-932F-40E9E811B413}"
EndProject
Project("{8BC9CEB8-8B4A-11D0-8D11-00A0C91BC942}") = "AIE_01_WarmUp_QuickFox", "Exercises\AIE_01_WarmUp_QuickFox\AIE_01_WarmUp_QuickFox.vcxproj", "{0512CB5F-632F-4AE4-A479-54F2CEE56670}"
EndProject
Project("{8BC9CEB8-8B4A-11D0-8D11-00A0C91BC942}") = "AIE_02_warmUp_FindOdd", "Exercises\AIE_02_warmUp_FindOdd\AIE_02_warmUp_FindOdd.vcxproj", "{C12C5551-362C-4114-8DA7-74E170BE13CB}"
EndProject
Project("{8BC9CEB8-8B4A-11D0-8D11-00A0C91BC942}") = "AIE_03_WarmUp_SharedLetters", "Exercises\AIE_03_WarmUp_SharedLetters\AIE_03_WarmUp_SharedLetters.vcxproj", "{7CCC9124-65FC-4390-86F4-329BB9F2C4E6}"
EndProject
Project("{8BC9CEB8-8B4A-11D0-8D11-00A0C91BC942}") = "AIE_UnitTests", "Exercises\AIE_UnitTests\AIE_UnitTests.vcxproj", "{55311390-8025-4585-ABD2-31FC36F14532}"
EndProject
Project("{8BC9CEB8-8B4A-11D0-8D11-00A0C91BC942}") = "AIE_02_BinaryTree", "Exercises\AIE_02_BinaryTree\AIE_02_BinaryTree.vcxproj", "{56FBBB40-3299-45BD-A50D-C75989B0C495}"
EndProject
Project("{8BC9CEB8-8B4A-11D0-8D11-00A0C91BC942}") = "AIE_04_WarmUp_Hex", "Exercises\AIE_04_WarmUp_Hex\AIE_04_WarmUp_Hex.vcxproj", "{1915DE3C-AEB7-4E9F-B8C7-D009AE38A850}"
EndProject
Project("{8BC9CEB8-8B4A-11D0-8D11-00A0C91BC942}") = "AIE_05_WarmUp_MiniSudokuChecker", "Exercises\AIE_05_WarmUp_MiniSudokuChecker\AIE_05_WarmUp_MiniSudokuChecker.vcxproj", "{6964ED7A-CA7B-4180-9341-EE745448F05D}"
EndProject
Project("{8BC9CEB8-8B4A-11D0-8D11-00A0C91BC942}") = "AIE_04_BinaryTreeVis", "Exercises\AIE_04_BinaryTreeVis\AIE_04_BinaryTreeVis.vcxproj", "{46C9B533-D77D-44A5-A02B-355711EC8CA3}"
EndProject
Project("{8BC9CEB8-8B4A-11D0-8D11-00A0C91BC942}") = "AIE_06_WarmUp_StringShift", "Exercises\AIE_06_WarmUp_StringShift\AIE_06_WarmUp_StringShift.vcxproj", "{EE753342-B2C1-4881-BC60-FFEC269A5E7F}"
EndProject
Project("{8BC9CEB8-8B4A-11D0-8D11-00A0C91BC942}") = "AIE_Exercise_IPC_Client", "Exercises\AIE_Exercise_IPC_Client\AIE_Exercise_IPC_Client.vcxproj", "{10FC3D5A-3B3C-4B62-917F-BEDFEA5934E1}"
EndProject
Project("{8BC9CEB8-8B4A-11D0-8D11-00A0C91BC942}") = "AIE_Exercise_IPC_Server", "Exercises\AIE_Exercise_IPC_Server\AIE_Exercise_IPC_Server.vcxproj", "{A6BBA9C1-AD70-4FB7-8BD2-37721AA115D4}"
EndProject
Project("{8BC9CEB8-8B4A-11D0-8D11-00A0C91BC942}") = "AIE_Exercise_IPC_ConsoleDemo", "Exercises\AIE_Exercise_IPC_ConsoleDemo\AIE_Exercise_IPC_ConsoleDemo.vcxproj", "{A3095CD7-4462-421D-ACED-73BED07394EF}"
EndProject
Project("{2150E333-8FDC-42A3-9474-1A3956D46DE8}") = "Assessment", "Assessment", "{3F56F8E9-EFBF-47FA-8F2E-C35856329929}"
EndProject
Global
	GlobalSection(SolutionConfigurationPlatforms) = preSolution
		Debug|x64 = Debug|x64
		Debug|x86 = Debug|x86
		Release|x64 = Release|x64
		Release|x86 = Release|x86
	EndGlobalSection
	GlobalSection(ProjectConfigurationPlatforms) = postSolution
		{D9AE9EB6-4502-49A8-8AC4-40B5D1DE59A7}.Debug|x64.ActiveCfg = Debug|x64
		{D9AE9EB6-4502-49A8-8AC4-40B5D1DE59A7}.Debug|x64.Build.0 = Debug|x64
		{D9AE9EB6-4502-49A8-8AC4-40B5D1DE59A7}.Debug|x86.ActiveCfg = Debug|Win32
		{D9AE9EB6-4502-49A8-8AC4-40B5D1DE59A7}.Debug|x86.Build.0 = Debug|Win32
		{D9AE9EB6-4502-49A8-8AC4-40B5D1DE59A7}.Release|x64.ActiveCfg = Release|x64
		{D9AE9EB6-4502-49A8-8AC4-40B5D1DE59A7}.Release|x64.Build.0 = Release|x64
		{D9AE9EB6-4502-49A8-8AC4-40B5D1DE59A7}.Release|x86.ActiveCfg = Release|Win32
		{D9AE9EB6-4502-49A8-8AC4-40B5D1DE59A7}.Release|x86.Build.0 = Release|Win32
		{0512CB5F-632F-4AE4-A479-54F2CEE56670}.Debug|x64.ActiveCfg = Debug|x64
		{0512CB5F-632F-4AE4-A479-54F2CEE56670}.Debug|x64.Build.0 = Debug|x64
		{0512CB5F-632F-4AE4-A479-54F2CEE56670}.Debug|x86.ActiveCfg = Debug|Win32
		{0512CB5F-632F-4AE4-A479-54F2CEE56670}.Debug|x86.Build.0 = Debug|Win32
		{0512CB5F-632F-4AE4-A479-54F2CEE56670}.Release|x64.ActiveCfg = Release|x64
		{0512CB5F-632F-4AE4-A479-54F2CEE56670}.Release|x64.Build.0 = Release|x64
		{0512CB5F-632F-4AE4-A479-54F2CEE56670}.Release|x86.ActiveCfg = Release|Win32
		{0512CB5F-632F-4AE4-A479-54F2CEE56670}.Release|x86.Build.0 = Release|Win32
		{C12C5551-362C-4114-8DA7-74E170BE13CB}.Debug|x64.ActiveCfg = Debug|x64
		{C12C5551-362C-4114-8DA7-74E170BE13CB}.Debug|x64.Build.0 = Debug|x64
		{C12C5551-362C-4114-8DA7-74E170BE13CB}.Debug|x86.ActiveCfg = Debug|Win32
		{C12C5551-362C-4114-8DA7-74E170BE13CB}.Debug|x86.Build.0 = Debug|Win32
		{C12C5551-362C-4114-8DA7-74E170BE13CB}.Release|x64.ActiveCfg = Release|x64
		{C12C5551-362C-4114-8DA7-74E170BE13CB}.Release|x64.Build.0 = Release|x64
		{C12C5551-362C-4114-8DA7-74E170BE13CB}.Release|x86.ActiveCfg = Release|Win32
		{C12C5551-362C-4114-8DA7-74E170BE13CB}.Release|x86.Build.0 = Release|Win32
		{7CCC9124-65FC-4390-86F4-329BB9F2C4E6}.Debug|x64.ActiveCfg = Debug|x64
		{7CCC9124-65FC-4390-86F4-329BB9F2C4E6}.Debug|x64.Build.0 = Debug|x64
		{7CCC9124-65FC-4390-86F4-329BB9F2C4E6}.Debug|x86.ActiveCfg = Debug|Win32
		{7CCC9124-65FC-4390-86F4-329BB9F2C4E6}.Debug|x86.Build.0 = Debug|Win32
		{7CCC9124-65FC-4390-86F4-329BB9F2C4E6}.Release|x64.ActiveCfg = Release|x64
		{7CCC9124-65FC-4390-86F4-329BB9F2C4E6}.Release|x64.Build.0 = Release|x64
		{7CCC9124-65FC-4390-86F4-329BB9F2C4E6}.Release|x86.ActiveCfg = Release|Win32
		{7CCC9124-65FC-4390-86F4-329BB9F2C4E6}.Release|x86.Build.0 = Release|Win32
		{55311390-8025-4585-ABD2-31FC36F14532}.Debug|x64.ActiveCfg = Debug|x64
		{55311390-8025-4585-ABD2-31FC36F14532}.Debug|x64.Build.0 = Debug|x64
		{55311390-8025-4585-ABD2-31FC36F14532}.Debug|x86.ActiveCfg = Debug|Win32
		{55311390-8025-4585-ABD2-31FC36F14532}.Debug|x86.Build.0 = Debug|Win32
		{55311390-8025-4585-ABD2-31FC36F14532}.Release|x64.ActiveCfg = Release|x64
		{55311390-8025-4585-ABD2-31FC36F14532}.Release|x64.Build.0 = Release|x64
		{55311390-8025-4585-ABD2-31FC36F14532}.Release|x86.ActiveCfg = Release|Win32
		{55311390-8025-4585-ABD2-31FC36F14532}.Release|x86.Build.0 = Release|Win32
		{56FBBB40-3299-45BD-A50D-C75989B0C495}.Debug|x64.ActiveCfg = Debug|x64
		{56FBBB40-3299-45BD-A50D-C75989B0C495}.Debug|x64.Build.0 = Debug|x64
		{56FBBB40-3299-45BD-A50D-C75989B0C495}.Debug|x86.ActiveCfg = Debug|Win32
		{56FBBB40-3299-45BD-A50D-C75989B0C495}.Debug|x86.Build.0 = Debug|Win32
		{56FBBB40-3299-45BD-A50D-C75989B0C495}.Release|x64.ActiveCfg = Release|x64
		{56FBBB40-3299-45BD-A50D-C75989B0C495}.Release|x64.Build.0 = Release|x64
		{56FBBB40-3299-45BD-A50D-C75989B0C495}.Release|x86.ActiveCfg = Release|Win32
		{56FBBB40-3299-45BD-A50D-C75989B0C495}.Release|x86.Build.0 = Release|Win32
		{1915DE3C-AEB7-4E9F-B8C7-D009AE38A850}.Debug|x64.ActiveCfg = Debug|x64
		{1915DE3C-AEB7-4E9F-B8C7-D009AE38A850}.Debug|x64.Build.0 = Debug|x64
		{1915DE3C-AEB7-4E9F-B8C7-D009AE38A850}.Debug|x86.ActiveCfg = Debug|Win32
		{1915DE3C-AEB7-4E9F-B8C7-D009AE38A850}.Debug|x86.Build.0 = Debug|Win32
		{1915DE3C-AEB7-4E9F-B8C7-D009AE38A850}.Release|x64.ActiveCfg = Release|x64
		{1915DE3C-AEB7-4E9F-B8C7-D009AE38A850}.Release|x64.Build.0 = Release|x64
		{1915DE3C-AEB7-4E9F-B8C7-D009AE38A850}.Release|x86.ActiveCfg = Release|Win32
		{1915DE3C-AEB7-4E9F-B8C7-D009AE38A850}.Release|x86.Build.0 = Release|Win32
		{6964ED7A-CA7B-4180-9341-EE745448F05D}.Debug|x64.ActiveCfg = Debug|x64
		{6964ED7A-CA7B-4180-9341-EE745448F05D}.Debug|x64.Build.0 = Debug|x64
		{6964ED7A-CA7B-4180-9341-EE745448F05D}.Debug|x86.ActiveCfg = Debug|Win32
		{6964ED7A-CA7B-4180-9341-EE745448F05D}.Debug|x86.Build.0 = Debug|Win32
		{6964ED7A-CA7B-4180-9341-EE745448F05D}.Release|x64.ActiveCfg = Release|x64
		{6964ED7A-CA7B-4180-9341-EE745448F05D}.Release|x64.Build.0 = Release|x64
		{6964ED7A-CA7B-4180-9341-EE745448F05D}.Release|x86.ActiveCfg = Release|Win32
		{6964ED7A-CA7B-4180-9341-EE745448F05D}.Release|x86.Build.0 = Release|Win32
		{46C9B533-D77D-44A5-A02B-355711EC8CA3}.Debug|x64.ActiveCfg = Debug|x64
		{46C9B533-D77D-44A5-A02B-355711EC8CA3}.Debug|x64.Build.0 = Debug|x64
		{46C9B533-D77D-44A5-A02B-355711EC8CA3}.Debug|x86.ActiveCfg = Debug|Win32
		{46C9B533-D77D-44A5-A02B-355711EC8CA3}.Debug|x86.Build.0 = Debug|Win32
		{46C9B533-D77D-44A5-A02B-355711EC8CA3}.Release|x64.ActiveCfg = Release|x64
		{46C9B533-D77D-44A5-A02B-355711EC8CA3}.Release|x64.Build.0 = Release|x64
		{46C9B533-D77D-44A5-A02B-355711EC8CA3}.Release|x86.ActiveCfg = Release|Win32
		{46C9B533-D77D-44A5-A02B-355711EC8CA3}.Release|x86.Build.0 = Release|Win32
		{EE753342-B2C1-4881-BC60-FFEC269A5E7F}.Debug|x64.ActiveCfg = Debug|x64
		{EE753342-B2C1-4881-BC60-FFEC269A5E7F}.Debug|x64.Build.0 = Debug|x64
		{EE753342-B2C1-4881-BC60-FFEC269A5E7F}.Debug|x86.ActiveCfg = Debug|Win32
		{EE753342-B2C1-4881-BC60-FFEC269A5E7F}.Debug|x86.Build.0 = Debug|Win32
		{EE753342-B2C1-4881-BC60-FFEC269A5E7F}.Release|x64.ActiveCfg = Release|x64
		{EE753342-B2C1-4881-BC60-FFEC269A5E7F}.Release|x64.Build.0 = Release|x64
		{EE753342-B2C1-4881-BC60-FFEC269A5E7F}.Release|x86.ActiveCfg = Release|Win32
		{EE753342-B2C1-4881-BC60-FFEC269A5E7F}.Release|x86.Build.0 = Release|Win32
		{10FC3D5A-3B3C-4B62-917F-BEDFEA5934E1}.Debug|x64.ActiveCfg = Debug|x64
		{10FC3D5A-3B3C-4B62-917F-BEDFEA5934E1}.Debug|x64.Build.0 = Debug|x64
		{10FC3D5A-3B3C-4B62-917F-BEDFEA5934E1}.Debug|x86.ActiveCfg = Debug|Win32
		{10FC3D5A-3B3C-4B62-917F-BEDFEA5934E1}.Debug|x86.Build.0 = Debug|Win32
		{10FC3D5A-3B3C-4B62-917F-BEDFEA5934E1}.Release|x64.ActiveCfg = Release|x64
		{10FC3D5A-3B3C-4B62-917F-BEDFEA5934E1}.Release|x64.Build.0 = Release|x64
		{10FC3D5A-3B3C-4B62-917F-BEDFEA5934E1}.Release|x86.ActiveCfg = Release|Win32
		{10FC3D5A-3B3C-4B62-917F-BEDFEA5934E1}.Release|x86.Build.0 = Release|Win32
		{A6BBA9C1-AD70-4FB7-8BD2-37721AA115D4}.Debug|x64.ActiveCfg = Debug|x64
		{A6BBA9C1-AD70-4FB7-8BD2-37721AA115D4}.Debug|x64.Build.0 = Debug|x64
		{A6BBA9C1-AD70-4FB7-8BD2-37721AA115D4}.Debug|x86.ActiveCfg = Debug|Win32
		{A6BBA9C1-AD70-4FB7-8BD2-37721AA115D4}.Debug|x86.Build.0 = Debug|Win32
		{A6BBA9C1-AD70-4FB7-8BD2-37721AA115D4}.Release|x64.ActiveCfg = Release|x64
		{A6BBA9C1-AD70-4FB7-8BD2-37721AA115D4}.Release|x64.Build.0 = Release|x64
		{A6BBA9C1-AD70-4FB7-8BD2-37721AA115D4}.Release|x86.ActiveCfg = Release|Win32
		{A6BBA9C1-AD70-4FB7-8BD2-37721AA115D4}.Release|x86.Build.0 = Release|Win32
		{A3095CD7-4462-421D-ACED-73BED07394EF}.Debug|x64.ActiveCfg = Debug|x64
		{A3095CD7-4462-421D-ACED-73BED07394EF}.Debug|x64.Build.0 = Debug|x64
		{A3095CD7-4462-421D-ACED-73BED07394EF}.Debug|x86.ActiveCfg = Debug|Win32
		{A3095CD7-4462-421D-ACED-73BED07394EF}.Debug|x86.Build.0 = Debug|Win32
		{A3095CD7-4462-421D-ACED-73BED07394EF}.Release|x64.ActiveCfg = Release|x64
		{A3095CD7-4462-421D-ACED-73BED07394EF}.Release|x64.Build.0 = Release|x64
		{A3095CD7-4462-421D-ACED-73BED07394EF}.Release|x86.ActiveCfg = Release|Win32
		{A3095CD7-4462-421D-ACED-73BED07394EF}.Release|x86.Build.0 = Release|Win32
	EndGlobalSection
	GlobalSection(SolutionProperties) = preSolution
		HideSolutionNode = FALSE
	EndGlobalSection
	GlobalSection(NestedProjects) = preSolution
		{D9AE9EB6-4502-49A8-8AC4-40B5D1DE59A7} = {3F56F8E9-EFBF-47FA-8F2E-C35856329929}
		{0512CB5F-632F-4AE4-A479-54F2CEE56670} = {071E3E82-1ABD-4BE5-932F-40E9E811B413}
		{C12C5551-362C-4114-8DA7-74E170BE13CB} = {071E3E82-1ABD-4BE5-932F-40E9E811B413}
		{7CCC9124-65FC-4390-86F4-329BB9F2C4E6} = {071E3E82-1ABD-4BE5-932F-40E9E811B413}
		{55311390-8025-4585-ABD2-31FC36F14532} = {F9C8AD75-5F3D-4BB8-AB10-C6CC265EFA0E}
		{56FBBB40-3299-45BD-A50D-C75989B0C495} = {F9C8AD75-5F3D-4BB8-AB10-C6CC265EFA0E}
		{1915DE3C-AEB7-4E9F-B8C7-D009AE38A850} = {071E3E82-1ABD-4BE5-932F-40E9E811B413}
		{6964ED7A-CA7B-4180-9341-EE745448F05D} = {071E3E82-1ABD-4BE5-932F-40E9E811B413}
		{46C9B533-D77D-44A5-A02B-355711EC8CA3} = {3F56F8E9-EFBF-47FA-8F2E-C35856329929}
		{EE753342-B2C1-4881-BC60-FFEC269A5E7F} = {071E3E82-1ABD-4BE5-932F-40E9E811B413}
		{10FC3D5A-3B3C-4B62-917F-BEDFEA5934E1} = {F9C8AD75-5F3D-4BB8-AB10-C6CC265EFA0E}
		{A6BBA9C1-AD70-4FB7-8BD2-37721AA115D4} = {F9C8AD75-5F3D-4BB8-AB10-C6CC265EFA0E}
		{A3095CD7-4462-421D-ACED-73BED07394EF} = {F9C8AD75-5F3D-4BB8-AB10-C6CC265EFA0E}
	EndGlobalSection
	GlobalSection(ExtensibilityGlobals) = postSolution
		SolutionGuid = {1CD2110A-6EF1-4A48-B16E-D2A0EDE6F922}
	EndGlobalSection
EndGlobal
