
Microsoft Visual Studio Solution File, Format Version 12.00
# Visual Studio Version 16
VisualStudioVersion = 16.0.29728.190
MinimumVisualStudioVersion = 10.0.40219.1
Project("{2150E333-8FDC-42A3-9474-1A3956D46DE8}") = "WarmUps", "WarmUps", "{87C702C2-8AE4-4C50-9AB8-D5B0A4570DA7}"
EndProject
Project("{8BC9CEB8-8B4A-11D0-8D11-00A0C91BC942}") = "AIE_Warmup_01_QuickFox", "Excercises\AIE_Warmup_01_QuickFox\AIE_Warmup_01_QuickFox.vcxproj", "{01BD12C2-F320-4AFC-8F3E-FBDCE1BC718B}"
EndProject
Project("{8BC9CEB8-8B4A-11D0-8D11-00A0C91BC942}") = "AIE_02_WarmUpFindOdd", "AIE_02_WarmUpFindOdd\AIE_02_WarmUpFindOdd.vcxproj", "{64B96DED-B544-4D7E-8E60-CB2123C5C997}"
EndProject
Global
	GlobalSection(SolutionConfigurationPlatforms) = preSolution
		Debug|x64 = Debug|x64
		Debug|x86 = Debug|x86
		Release|x64 = Release|x64
		Release|x86 = Release|x86
	EndGlobalSection
	GlobalSection(ProjectConfigurationPlatforms) = postSolution
		{01BD12C2-F320-4AFC-8F3E-FBDCE1BC718B}.Debug|x64.ActiveCfg = Debug|x64
		{01BD12C2-F320-4AFC-8F3E-FBDCE1BC718B}.Debug|x64.Build.0 = Debug|x64
		{01BD12C2-F320-4AFC-8F3E-FBDCE1BC718B}.Debug|x86.ActiveCfg = Debug|Win32
		{01BD12C2-F320-4AFC-8F3E-FBDCE1BC718B}.Debug|x86.Build.0 = Debug|Win32
		{01BD12C2-F320-4AFC-8F3E-FBDCE1BC718B}.Release|x64.ActiveCfg = Release|x64
		{01BD12C2-F320-4AFC-8F3E-FBDCE1BC718B}.Release|x64.Build.0 = Release|x64
		{01BD12C2-F320-4AFC-8F3E-FBDCE1BC718B}.Release|x86.ActiveCfg = Release|Win32
		{01BD12C2-F320-4AFC-8F3E-FBDCE1BC718B}.Release|x86.Build.0 = Release|Win32
		{64B96DED-B544-4D7E-8E60-CB2123C5C997}.Debug|x64.ActiveCfg = Debug|x64
		{64B96DED-B544-4D7E-8E60-CB2123C5C997}.Debug|x64.Build.0 = Debug|x64
		{64B96DED-B544-4D7E-8E60-CB2123C5C997}.Debug|x86.ActiveCfg = Debug|Win32
		{64B96DED-B544-4D7E-8E60-CB2123C5C997}.Debug|x86.Build.0 = Debug|Win32
		{64B96DED-B544-4D7E-8E60-CB2123C5C997}.Release|x64.ActiveCfg = Release|x64
		{64B96DED-B544-4D7E-8E60-CB2123C5C997}.Release|x64.Build.0 = Release|x64
		{64B96DED-B544-4D7E-8E60-CB2123C5C997}.Release|x86.ActiveCfg = Release|Win32
		{64B96DED-B544-4D7E-8E60-CB2123C5C997}.Release|x86.Build.0 = Release|Win32
	EndGlobalSection
	GlobalSection(SolutionProperties) = preSolution
		HideSolutionNode = FALSE
	EndGlobalSection
	GlobalSection(NestedProjects) = preSolution
		{01BD12C2-F320-4AFC-8F3E-FBDCE1BC718B} = {87C702C2-8AE4-4C50-9AB8-D5B0A4570DA7}
		{64B96DED-B544-4D7E-8E60-CB2123C5C997} = {87C702C2-8AE4-4C50-9AB8-D5B0A4570DA7}
	EndGlobalSection
	GlobalSection(ExtensibilityGlobals) = postSolution
		SolutionGuid = {0E738BA5-F7D7-4562-A6BF-9E6D9A0750B6}
	EndGlobalSection
EndGlobal
